// !$*UTF8*$!
{
	archiveVersion = 1;
	classes = {
	};
	objectVersion = 46;
	objects = {

/* Begin PBXBuildFile section */
		373ED7781EEE4277001610AD /* main.m in Sources */ = {isa = PBXBuildFile; fileRef = 373ED7771EEE4277001610AD /* main.m */; };
		373ED77B1EEE4277001610AD /* AppDelegate.m in Sources */ = {isa = PBXBuildFile; fileRef = 373ED77A1EEE4277001610AD /* AppDelegate.m */; };
		373ED7831EEE4277001610AD /* Assets.xcassets in Resources */ = {isa = PBXBuildFile; fileRef = 373ED7821EEE4277001610AD /* Assets.xcassets */; };
		373ED7861EEE4277001610AD /* LaunchScreen.storyboard in Resources */ = {isa = PBXBuildFile; fileRef = 373ED7841EEE4277001610AD /* LaunchScreen.storyboard */; };
		373ED78F1EEE47AC001610AD /* MainViewController.m in Sources */ = {isa = PBXBuildFile; fileRef = 373ED78E1EEE47AC001610AD /* MainViewController.m */; };
/* End PBXBuildFile section */

/* Begin PBXFileReference section */
		373ED7731EEE4277001610AD /* UIView.app */ = {isa = PBXFileReference; explicitFileType = wrapper.application; includeInIndex = 0; path = UIView.app; sourceTree = BUILT_PRODUCTS_DIR; };
		373ED7771EEE4277001610AD /* main.m */ = {isa = PBXFileReference; lastKnownFileType = sourcecode.c.objc; path = main.m; sourceTree = "<group>"; };
		373ED7791EEE4277001610AD /* AppDelegate.h */ = {isa = PBXFileReference; lastKnownFileType = sourcecode.c.h; path = AppDelegate.h; sourceTree = "<group>"; };
		373ED77A1EEE4277001610AD /* AppDelegate.m */ = {isa = PBXFileReference; lastKnownFileType = sourcecode.c.objc; path = AppDelegate.m; sourceTree = "<group>"; };
		373ED7821EEE4277001610AD /* Assets.xcassets */ = {isa = PBXFileReference; lastKnownFileType = folder.assetcatalog; path = Assets.xcassets; sourceTree = "<group>"; };
		373ED7851EEE4277001610AD /* Base */ = {isa = PBXFileReference; lastKnownFileType = file.storyboard; name = Base; path = Base.lproj/LaunchScreen.storyboard; sourceTree = "<group>"; };
		373ED7871EEE4277001610AD /* Info.plist */ = {isa = PBXFileReference; lastKnownFileType = text.plist.xml; path = Info.plist; sourceTree = "<group>"; };
		373ED78D1EEE47AC001610AD /* MainViewController.h */ = {isa = PBXFileReference; fileEncoding = 4; lastKnownFileType = sourcecode.c.h; path = MainViewController.h; sourceTree = "<group>"; };
		373ED78E1EEE47AC001610AD /* MainViewController.m */ = {isa = PBXFileReference; fileEncoding = 4; lastKnownFileType = sourcecode.c.objc; path = MainViewController.m; sourceTree = "<group>"; };
/* End PBXFileReference section */

/* Begin PBXFrameworksBuildPhase section */
		373ED7701EEE4277001610AD /* Frameworks */ = {
			isa = PBXFrameworksBuildPhase;
			buildActionMask = 2147483647;
			files = (
			);
			runOnlyForDeploymentPostprocessing = 0;
		};
/* End PBXFrameworksBuildPhase section */

/* Begin PBXGroup section */
		373ED76A1EEE4276001610AD = {
			isa = PBXGroup;
			children = (
				373ED7751EEE4277001610AD /* UIView */,
				373ED7741EEE4277001610AD /* Products */,
			);
			sourceTree = "<group>";
		};
		373ED7741EEE4277001610AD /* Products */ = {
			isa = PBXGroup;
			children = (
				373ED7731EEE4277001610AD /* UIView.app */,
			);
			name = Products;
			sourceTree = "<group>";
		};
		373ED7751EEE4277001610AD /* UIView */ = {
			isa = PBXGroup;
			children = (
				373ED7791EEE4277001610AD /* AppDelegate.h */,
				373ED77A1EEE4277001610AD /* AppDelegate.m */,
				373ED78D1EEE47AC001610AD /* MainViewController.h */,
				373ED78E1EEE47AC001610AD /* MainViewController.m */,
				373ED7821EEE4277001610AD /* Assets.xcassets */,
				373ED7841EEE4277001610AD /* LaunchScreen.storyboard */,
				373ED7871EEE4277001610AD /* Info.plist */,
				373ED7761EEE4277001610AD /* Supporting Files */,
			);
			path = UIView;
			sourceTree = "<group>";
		};
		373ED7761EEE4277001610AD /* Supporting Files */ = {
			isa = PBXGroup;
			children = (
				373ED7771EEE4277001610AD /* main.m */,
			);
			name = "Supporting Files";
			sourceTree = "<group>";
		};
/* End PBXGroup section */

/* Begin PBXNativeTarget section */
		373ED7721EEE4277001610AD /* UIView */ = {
			isa = PBXNativeTarget;
			buildConfigurationList = 373ED78A1EEE4277001610AD /* Build configuration list for PBXNativeTarget "UIView" */;
			buildPhases = (
				373ED76F1EEE4277001610AD /* Sources */,
				373ED7701EEE4277001610AD /* Frameworks */,
				373ED7711EEE4277001610AD /* Resources */,
			);
			buildRules = (
			);
			dependencies = (
			);
			name = UIView;
			productName = UIView;
			productReference = 373ED7731EEE4277001610AD /* UIView.app */;
			productType = "com.apple.product-type.application";
		};
/* End PBXNativeTarget section */

/* Begin PBXProject section */
		373ED76B1EEE4276001610AD /* Project object */ = {
			isa = PBXProject;
			attributes = {
				LastUpgradeCheck = 0830;
				ORGANIZATIONNAME = com.zccoder;
				TargetAttributes = {
					373ED7721EEE4277001610AD = {
						CreatedOnToolsVersion = 8.3.3;
						ProvisioningStyle = Automatic;
					};
				};
			};
			buildConfigurationList = 373ED76E1EEE4276001610AD /* Build configuration list for PBXProject "UIView" */;
			compatibilityVersion = "Xcode 3.2";
			developmentRegion = English;
			hasScannedForEncodings = 0;
			knownRegions = (
				en,
				Base,
			);
			mainGroup = 373ED76A1EEE4276001610AD;
			productRefGroup = 373ED7741EEE4277001610AD /* Products */;
			projectDirPath = "";
			projectRoot = "";
			targets = (
				373ED7721EEE4277001610AD /* UIView */,
			);
		};
/* End PBXProject section */

/* Begin PBXResourcesBuildPhase section */
		373ED7711EEE4277001610AD /* Resources */ = {
			isa = PBXResourcesBuildPhase;
			buildActionMask = 2147483647;
			files = (
				373ED7861EEE4277001610AD /* LaunchScreen.storyboard in Resources */,
				373ED7831EEE4277001610AD /* Assets.xcassets in Resources */,
			);
			runOnlyForDeploymentPostprocessing = 0;
		};
/* End PBXResourcesBuildPhase section */

/* Begin PBXSourcesBuildPhase section */
		373ED76F1EEE4277001610AD /* Sources */ = {
			isa = PBXSourcesBuildPhase;
			buildActionMask = 2147483647;
			files = (
				373ED77B1EEE4277001610AD /* AppDelegate.m in Sources */,
				373ED78F1EEE47AC001610AD /* MainViewController.m in Sources */,
				373ED7781EEE4277001610AD /* main.m in Sources */,
			);
			runOnlyForDeploymentPostprocessing = 0;
		};
/* End PBXSourcesBuildPhase section */

/* Begin PBXVariantGroup section */
		373ED7841EEE4277001610AD /* LaunchScreen.storyboard */ = {
			isa = PBXVariantGroup;
			children = (
				373ED7851EEE4277001610AD /* Base */,
			);
			name = LaunchScreen.storyboard;
			sourceTree = "<group>";
		};
/* End PBXVariantGroup section */

/* Begin XCBuildConfiguration section */
		373ED7881EEE4277001610AD /* Debug */ = {
			isa = XCBuildConfiguration;
			buildSettings = {
				ALWAYS_SEARCH_USER_PATHS = NO;
				CLANG_ANALYZER_NONNULL = YES;
				CLANG_ANALYZER_NUMBER_OBJECT_CONVERSION = YES_AGGRESSIVE;
				CLANG_CXX_LANGUAGE_STANDARD = "gnu++0x";
				CLANG_CXX_LIBRARY = "libc++";
				CLANG_ENABLE_MODULES = YES;
				CLANG_ENABLE_OBJC_ARC = YES;
				CLANG_WARN_BOOL_CONVERSION = YES;
				CLANG_WARN_CONSTANT_CONVERSION = YES;
				CLANG_WARN_DIRECT_OBJC_ISA_USAGE = YES_ERROR;
				CLANG_WARN_DOCUMENTATION_COMMENTS = YES;
				CLANG_WARN_EMPTY_BODY = YES;
				CLANG_WARN_ENUM_CONVERSION = YES;
				CLANG_WARN_INFINITE_RECURSION = YES;
				CLANG_WARN_INT_CONVERSION = YES;
				CLANG_WARN_OBJC_ROOT_CLASS = YES_ERROR;
				CLANG_WARN_SUSPICIOUS_MOVE = YES;
				CLANG_WARN_UNREACHABLE_CODE = YES;
				CLANG_WARN__DUPLICATE_METHOD_MATCH = YES;
				"CODE_SIGN_IDENTITY[sdk=iphoneos*]" = "iPhone Developer";
				COPY_PHASE_STRIP = NO;
				DEBUG_INFORMATION_FORMAT = dwarf;
				ENABLE_STRICT_OBJC_MSGSEND = YES;
				ENABLE_TESTABILITY = YES;
				GCC_C_LANGUAGE_STANDARD = gnu99;
				GCC_DYNAMIC_NO_PIC = NO;
				GCC_NO_COMMON_BLOCKS = YES;
				GCC_OPTIMIZATION_LEVEL = 0;
				GCC_PREPROCESSOR_DEFINITIONS = (
					"DEBUG=1",
					"$(inherited)",
				);
				GCC_WARN_64_TO_32_BIT_CONVERSION = YES;
				GCC_WARN_ABOUT_RETURN_TYPE = YES_ERROR;
				GCC_WARN_UNDECLARED_SELECTOR = YES;
				GCC_WARN_UNINITIALIZED_AUTOS = YES_AGGRESSIVE;
				GCC_WARN_UNUSED_FUNCTION = YES;
				GCC_WARN_UNUSED_VARIABLE = YES;
				IPHONEOS_DEPLOYMENT_TARGET = 10.3;
				MTL_ENABLE_DEBUG_INFO = YES;
				ONLY_ACTIVE_ARCH = YES;
				SDKROOT = iphoneos;
			};
			name = Debug;
		};
		373ED7891EEE4277001610AD /* Release */ = {
			isa = XCBuildConfiguration;
			buildSettings = {
				ALWAYS_SEARCH_USER_PATHS = NO;
				CLANG_ANALYZER_NONNULL = YES;
				CLANG_ANALYZER_NUMBER_OBJECT_CONVERSION = YES_AGGRESSIVE;
				CLANG_CXX_LANGUAGE_STANDARD = "gnu++0x";
				CLANG_CXX_LIBRARY = "libc++";
				CLANG_ENABLE_MODULES = YES;
				CLANG_ENABLE_OBJC_ARC = YES;
				CLANG_WARN_BOOL_CONVERSION = YES;
				CLANG_WARN_CONSTANT_CONVERSION = YES;
				CLANG_WARN_DIRECT_OBJC_ISA_USAGE = YES_ERROR;
				CLANG_WARN_DOCUMENTATION_COMMENTS = YES;
				CLANG_WARN_EMPTY_BODY = YES;
				CLANG_WARN_ENUM_CONVERSION = YES;
				CLANG_WARN_INFINITE_RECURSION = YES;
				CLANG_WARN_INT_CONVERSION = YES;
				CLANG_WARN_OBJC_ROOT_CLASS = YES_ERROR;
				CLANG_WARN_SUSPICIOUS_MOVE = YES;
				CLANG_WARN_UNREACHABLE_CODE = YES;
				CLANG_WARN__DUPLICATE_METHOD_MATCH = YES;
				"CODE_SIGN_IDENTITY[sdk=iphoneos*]" = "iPhone Developer";
				COPY_PHASE_STRIP = NO;
				DEBUG_INFORMATION_FORMAT = "dwarf-with-dsym";
				ENABLE_NS_ASSERTIONS = NO;
				ENABLE_STRICT_OBJC_MSGSEND = YES;
				GCC_C_LANGUAGE_STANDARD = gnu99;
				GCC_NO_COMMON_BLOCKS = YES;
				GCC_WARN_64_TO_32_BIT_CONVERSION = YES;
				GCC_WARN_ABOUT_RETURN_TYPE = YES_ERROR;
				GCC_WARN_UNDECLARED_SELECTOR = YES;
				GCC_WARN_UNINITIALIZED_AUTOS = YES_AGGRESSIVE;
				GCC_WARN_UNUSED_FUNCTION = YES;
				GCC_WARN_UNUSED_VARIABLE = YES;
				IPHONEOS_DEPLOYMENT_TARGET = 10.3;
				MTL_ENABLE_DEBUG_INFO = NO;
				SDKROOT = iphoneos;
				VALIDATE_PRODUCT = YES;
			};
			name = Release;
		};
		373ED78B1EEE4277001610AD /* Debug */ = {
			isa = XCBuildConfiguration;
			buildSettings = {
				ASSETCATALOG_COMPILER_APPICON_NAME = AppIcon;
				INFOPLIST_FILE = UIView/Info.plist;
				LD_RUNPATH_SEARCH_PATHS = "$(inherited) @executable_path/Frameworks";
				PRODUCT_BUNDLE_IDENTIFIER = com.zccoder.UIView;
				PRODUCT_NAME = "$(TARGET_NAME)";
			};
			name = Debug;
		};
		373ED78C1EEE4277001610AD /* Release */ = {
			isa = XCBuildConfiguration;
			buildSettings = {
				ASSETCATALOG_COMPILER_APPICON_NAME = AppIcon;
				INFOPLIST_FILE = UIView/Info.plist;
				LD_RUNPATH_SEARCH_PATHS = "$(inherited) @executable_path/Frameworks";
				PRODUCT_BUNDLE_IDENTIFIER = com.zccoder.UIView;
				PRODUCT_NAME = "$(TARGET_NAME)";
			};
			name = Release;
		};
/* End XCBuildConfiguration section */

/* Begin XCConfigurationList section */
		373ED76E1EEE4276001610AD /* Build configuration list for PBXProject "UIView" */ = {
			isa = XCConfigurationList;
			buildConfigurations = (
				373ED7881EEE4277001610AD /* Debug */,
				373ED7891EEE4277001610AD /* Release */,
			);
			defaultConfigurationIsVisible = 0;
			defaultConfigurationName = Release;
		};
		373ED78A1EEE4277001610AD /* Build configuration list for PBXNativeTarget "UIView" */ = {
			isa = XCConfigurationList;
			buildConfigurations = (
				373ED78B1EEE4277001610AD /* Debug */,
				373ED78C1EEE4277001610AD /* Release */,
			);
			defaultConfigurationIsVisible = 0;
		};
/* End XCConfigurationList section */
	};
	rootObject = 373ED76B1EEE4276001610AD /* Project object */;
}
